
Microsoft Visual Studio Solution File, Format Version 12.00
# Visual Studio Version 17
VisualStudioVersion = 17.1.32421.90
MinimumVisualStudioVersion = 10.0.40219.1
Project("{FAE04EC0-301F-11D3-BF4B-00C04F79EFBC}") = "HouseCleaningThuyGiangNguyen", "HouseCleaningThuyGiangNguyen\HouseCleaningThuyGiangNguyen.csproj", "{C5889E26-93BB-4100-AB0A-CCB7CE418E6C}"
EndProject
Global
	GlobalSection(SolutionConfigurationPlatforms) = preSolution
		Debug|Any CPU = Debug|Any CPU
		Release|Any CPU = Release|Any CPU
	EndGlobalSection
	GlobalSection(ProjectConfigurationPlatforms) = postSolution
		{C5889E26-93BB-4100-AB0A-CCB7CE418E6C}.Debug|Any CPU.ActiveCfg = Debug|Any CPU
		{C5889E26-93BB-4100-AB0A-CCB7CE418E6C}.Debug|Any CPU.Build.0 = Debug|Any CPU
		{C5889E26-93BB-4100-AB0A-CCB7CE418E6C}.Release|Any CPU.ActiveCfg = Release|Any CPU
		{C5889E26-93BB-4100-AB0A-CCB7CE418E6C}.Release|Any CPU.Build.0 = Release|Any CPU
	EndGlobalSection
	GlobalSection(SolutionProperties) = preSolution
		HideSolutionNode = FALSE
	EndGlobalSection
	GlobalSection(ExtensibilityGlobals) = postSolution
		SolutionGuid = {E04D37AA-14E0-4F22-B4A9-DB79A2E9E2CE}
	EndGlobalSection
EndGlobal
